
Microsoft Visual Studio Solution File, Format Version 12.00
# Visual Studio Version 16
VisualStudioVersion = 16.0.31019.35
MinimumVisualStudioVersion = 10.0.40219.1
Project("{8BC9CEB8-8B4A-11D0-8D11-00A0C91BC942}") = "QtForm1", "QtForm1\QtForm1.vcxproj", "{63E37830-2011-4232-BCFB-E1BB8779ADD3}"
EndProject
Global
	GlobalSection(SolutionConfigurationPlatforms) = preSolution
		Debug|x64 = Debug|x64
		Release|x64 = Release|x64
	EndGlobalSection
	GlobalSection(ProjectConfigurationPlatforms) = postSolution
		{63E37830-2011-4232-BCFB-E1BB8779ADD3}.Debug|x64.ActiveCfg = Debug|x64
		{63E37830-2011-4232-BCFB-E1BB8779ADD3}.Debug|x64.Build.0 = Debug|x64
		{63E37830-2011-4232-BCFB-E1BB8779ADD3}.Release|x64.ActiveCfg = Release|x64
		{63E37830-2011-4232-BCFB-E1BB8779ADD3}.Release|x64.Build.0 = Release|x64
	EndGlobalSection
	GlobalSection(SolutionProperties) = preSolution
		HideSolutionNode = FALSE
	EndGlobalSection
	GlobalSection(ExtensibilityGlobals) = postSolution
		SolutionGuid = {365D526F-DD65-4C74-B07D-6EC64960EAC5}
	EndGlobalSection
EndGlobal
